
Microsoft Visual Studio Solution File, Format Version 12.00
# Visual Studio Version 16
VisualStudioVersion = 16.0.29424.173
MinimumVisualStudioVersion = 10.0.40219.1
Project("{9A19103F-16F7-4668-BE54-9A1E7A4F7556}") = "MEFDriver", "MEFDriver\MEFDriver.csproj", "{7752C501-804A-4F76-A6AF-B96F13AA4B6F}"
EndProject
Project("{2150E333-8FDC-42A3-9474-1A3956D46DE8}") = "tests", "tests", "{F09948EA-900F-4678-B550-DBF1B5A7B5AA}"
EndProject
Project("{2150E333-8FDC-42A3-9474-1A3956D46DE8}") = "MEF.Driver", "MEF.Driver", "{87ACB8BA-68E8-444D-AEA5-E0A67A837A71}"
EndProject
Project("{2150E333-8FDC-42A3-9474-1A3956D46DE8}") = "devices", "devices", "{A0B65040-E0CE-4FE3-A5C5-886F3EFFBF59}"
EndProject
Project("{9A19103F-16F7-4668-BE54-9A1E7A4F7556}") = "devices", "..\tests\devices\devices.csproj", "{A7905CB1-E276-4857-AFAC-853220A5F848}"
EndProject
Global
	GlobalSection(SolutionConfigurationPlatforms) = preSolution
		Debug|Any CPU = Debug|Any CPU
		Release|Any CPU = Release|Any CPU
	EndGlobalSection
	GlobalSection(ProjectConfigurationPlatforms) = postSolution
		{7752C501-804A-4F76-A6AF-B96F13AA4B6F}.Debug|Any CPU.ActiveCfg = Debug|Any CPU
		{7752C501-804A-4F76-A6AF-B96F13AA4B6F}.Debug|Any CPU.Build.0 = Debug|Any CPU
		{7752C501-804A-4F76-A6AF-B96F13AA4B6F}.Release|Any CPU.ActiveCfg = Release|Any CPU
		{7752C501-804A-4F76-A6AF-B96F13AA4B6F}.Release|Any CPU.Build.0 = Release|Any CPU
		{A7905CB1-E276-4857-AFAC-853220A5F848}.Debug|Any CPU.ActiveCfg = Debug|Any CPU
		{A7905CB1-E276-4857-AFAC-853220A5F848}.Debug|Any CPU.Build.0 = Debug|Any CPU
		{A7905CB1-E276-4857-AFAC-853220A5F848}.Release|Any CPU.ActiveCfg = Release|Any CPU
		{A7905CB1-E276-4857-AFAC-853220A5F848}.Release|Any CPU.Build.0 = Release|Any CPU
	EndGlobalSection
	GlobalSection(SolutionProperties) = preSolution
		HideSolutionNode = FALSE
	EndGlobalSection
	GlobalSection(NestedProjects) = preSolution
		{7752C501-804A-4F76-A6AF-B96F13AA4B6F} = {87ACB8BA-68E8-444D-AEA5-E0A67A837A71}
		{A0B65040-E0CE-4FE3-A5C5-886F3EFFBF59} = {F09948EA-900F-4678-B550-DBF1B5A7B5AA}
		{A7905CB1-E276-4857-AFAC-853220A5F848} = {A0B65040-E0CE-4FE3-A5C5-886F3EFFBF59}
	EndGlobalSection
	GlobalSection(ExtensibilityGlobals) = postSolution
		SolutionGuid = {4B3036E7-2C51-4A08-AC1A-F1467A551C31}
	EndGlobalSection
EndGlobal
