
Microsoft Visual Studio Solution File, Format Version 12.00
# Visual Studio Version 16
VisualStudioVersion = 16.0.29424.173
MinimumVisualStudioVersion = 10.0.40219.1
Project("{2150E333-8FDC-42A3-9474-1A3956D46DE8}") = "tests", "tests", "{F09948EA-900F-4678-B550-DBF1B5A7B5AA}"
EndProject
Project("{2150E333-8FDC-42A3-9474-1A3956D46DE8}") = "devices", "devices", "{A0B65040-E0CE-4FE3-A5C5-886F3EFFBF59}"
EndProject
Project("{2150E333-8FDC-42A3-9474-1A3956D46DE8}") = "Source", "Source", "{05C82D66-3914-4FA6-8D39-6097B7FD9923}"
EndProject
Project("{2150E333-8FDC-42A3-9474-1A3956D46DE8}") = "devices", "devices", "{554119E6-F75A-4E7A-83D9-4E9B9B884238}"
EndProject
Project("{2150E333-8FDC-42A3-9474-1A3956D46DE8}") = "common", "common", "{DB480D07-BDD2-4A87-AB35-271B4FECB6C9}"
EndProject
Project("{9A19103F-16F7-4668-BE54-9A1E7A4F7556}") = "Devices.Common", "devices\common\Devices.Common.csproj", "{E811B54A-92F7-4A8D-ABC2-F4910CC99414}"
EndProject
Project("{2150E333-8FDC-42A3-9474-1A3956D46DE8}") = "Device.Tests", "Device.Tests", "{7D7BA63B-34DA-440E-8C51-7CF0CDE7D811}"
EndProject
Project("{9A19103F-16F7-4668-BE54-9A1E7A4F7556}") = "Devices.Tests", "..\tests\devices\Devices.Tests\Devices.Tests.csproj", "{46D02DAF-563A-428C-AAAD-29704A7B248E}"
EndProject
Global
	GlobalSection(SolutionConfigurationPlatforms) = preSolution
		Debug|Any CPU = Debug|Any CPU
		Release|Any CPU = Release|Any CPU
	EndGlobalSection
	GlobalSection(ProjectConfigurationPlatforms) = postSolution
		{E811B54A-92F7-4A8D-ABC2-F4910CC99414}.Debug|Any CPU.ActiveCfg = Debug|Any CPU
		{E811B54A-92F7-4A8D-ABC2-F4910CC99414}.Debug|Any CPU.Build.0 = Debug|Any CPU
		{E811B54A-92F7-4A8D-ABC2-F4910CC99414}.Release|Any CPU.ActiveCfg = Release|Any CPU
		{E811B54A-92F7-4A8D-ABC2-F4910CC99414}.Release|Any CPU.Build.0 = Release|Any CPU
		{46D02DAF-563A-428C-AAAD-29704A7B248E}.Debug|Any CPU.ActiveCfg = Debug|Any CPU
		{46D02DAF-563A-428C-AAAD-29704A7B248E}.Debug|Any CPU.Build.0 = Debug|Any CPU
		{46D02DAF-563A-428C-AAAD-29704A7B248E}.Release|Any CPU.ActiveCfg = Release|Any CPU
		{46D02DAF-563A-428C-AAAD-29704A7B248E}.Release|Any CPU.Build.0 = Release|Any CPU
	EndGlobalSection
	GlobalSection(SolutionProperties) = preSolution
		HideSolutionNode = FALSE
	EndGlobalSection
	GlobalSection(NestedProjects) = preSolution
		{A0B65040-E0CE-4FE3-A5C5-886F3EFFBF59} = {F09948EA-900F-4678-B550-DBF1B5A7B5AA}
		{554119E6-F75A-4E7A-83D9-4E9B9B884238} = {05C82D66-3914-4FA6-8D39-6097B7FD9923}
		{DB480D07-BDD2-4A87-AB35-271B4FECB6C9} = {554119E6-F75A-4E7A-83D9-4E9B9B884238}
		{E811B54A-92F7-4A8D-ABC2-F4910CC99414} = {DB480D07-BDD2-4A87-AB35-271B4FECB6C9}
		{7D7BA63B-34DA-440E-8C51-7CF0CDE7D811} = {A0B65040-E0CE-4FE3-A5C5-886F3EFFBF59}
		{46D02DAF-563A-428C-AAAD-29704A7B248E} = {7D7BA63B-34DA-440E-8C51-7CF0CDE7D811}
	EndGlobalSection
	GlobalSection(ExtensibilityGlobals) = postSolution
		SolutionGuid = {4B3036E7-2C51-4A08-AC1A-F1467A551C31}
	EndGlobalSection
EndGlobal
