
Microsoft Visual Studio Solution File, Format Version 12.00
# Visual Studio Version 16
VisualStudioVersion = 16.0.29424.173
MinimumVisualStudioVersion = 10.0.40219.1
Project("{2150E333-8FDC-42A3-9474-1A3956D46DE8}") = "tests", "tests", "{F09948EA-900F-4678-B550-DBF1B5A7B5AA}"
EndProject
Project("{2150E333-8FDC-42A3-9474-1A3956D46DE8}") = "devices", "devices", "{A0B65040-E0CE-4FE3-A5C5-886F3EFFBF59}"
EndProject
Project("{2150E333-8FDC-42A3-9474-1A3956D46DE8}") = "Source", "Source", "{05C82D66-3914-4FA6-8D39-6097B7FD9923}"
EndProject
Project("{2150E333-8FDC-42A3-9474-1A3956D46DE8}") = "devices", "devices", "{554119E6-F75A-4E7A-83D9-4E9B9B884238}"
EndProject
Project("{2150E333-8FDC-42A3-9474-1A3956D46DE8}") = "common", "common", "{DB480D07-BDD2-4A87-AB35-271B4FECB6C9}"
EndProject
Project("{9A19103F-16F7-4668-BE54-9A1E7A4F7556}") = "Devices.Common", "devices\common\Devices.Common.csproj", "{E811B54A-92F7-4A8D-ABC2-F4910CC99414}"
EndProject
Project("{2150E333-8FDC-42A3-9474-1A3956D46DE8}") = "Common.Device.Tests", "Common.Device.Tests", "{7D7BA63B-34DA-440E-8C51-7CF0CDE7D811}"
EndProject
Project("{2150E333-8FDC-42A3-9474-1A3956D46DE8}") = "id-tech", "id-tech", "{D7F05CB6-202C-49CC-8993-6C90FCA6BE03}"
EndProject
Project("{2150E333-8FDC-42A3-9474-1A3956D46DE8}") = "verifone", "verifone", "{54F42902-E398-4033-9556-3043999E4023}"
EndProject
Project("{9A19103F-16F7-4668-BE54-9A1E7A4F7556}") = "Devices.IdTech", "devices\id-tech\Devices.IdTech.csproj", "{E344D26D-62AC-4663-9861-B66E272ECBB0}"
EndProject
Project("{9A19103F-16F7-4668-BE54-9A1E7A4F7556}") = "Devices.Verifone", "devices\verifone\Devices.Verifone.csproj", "{EA48C1B7-7271-4485-98F3-F56C3A2E5937}"
EndProject
Project("{9A19103F-16F7-4668-BE54-9A1E7A4F7556}") = "Common.Device.Tests", "..\tests\devices\CommonDevice.Tests\Common.Device.Tests.csproj", "{4C7003AF-32A3-42AE-8E38-3109F2625D2F}"
EndProject
Project("{2150E333-8FDC-42A3-9474-1A3956D46DE8}") = "Verifone.Device.Tests", "Verifone.Device.Tests", "{64593764-AD0E-48F8-ACF7-787A4ED12C78}"
EndProject
Project("{9A19103F-16F7-4668-BE54-9A1E7A4F7556}") = "Verifone.Device.Tests", "..\tests\devices\VerifoneDevice.Tests\Verifone.Device.Tests.csproj", "{EE4878B8-B256-4DC2-83D1-33229BDC0548}"
EndProject
Project("{2150E333-8FDC-42A3-9474-1A3956D46DE8}") = "IdTech.Device.Tests", "IdTech.Device.Tests", "{8170E698-58BD-4C88-91BF-38A3C3C2D8D6}"
EndProject
Project("{9A19103F-16F7-4668-BE54-9A1E7A4F7556}") = "IdTech.Device.Tests", "..\tests\devices\IdTechDevice.Tests\IdTech.Device.Tests.csproj", "{19383F91-2889-426D-96AD-92283D2EFD53}"
EndProject
Project("{2150E333-8FDC-42A3-9474-1A3956D46DE8}") = "sdk", "sdk", "{545A396C-7761-428F-A1D1-671E49964BAE}"
EndProject
Project("{9A19103F-16F7-4668-BE54-9A1E7A4F7556}") = "Devices.Sdk", "devices\sdk\Devices.Sdk.csproj", "{056E8CF6-78FD-469D-84D9-023FD6C862C6}"
	ProjectSection(ProjectDependencies) = postProject
		{E344D26D-62AC-4663-9861-B66E272ECBB0} = {E344D26D-62AC-4663-9861-B66E272ECBB0}
		{331BB270-0B7E-4399-B539-A511A5EAA256} = {331BB270-0B7E-4399-B539-A511A5EAA256}
		{07A5F18E-264F-4042-BB47-030D9C5C8F46} = {07A5F18E-264F-4042-BB47-030D9C5C8F46}
		{38AF6DAD-4678-4DA7-8D64-3DEA65851A67} = {38AF6DAD-4678-4DA7-8D64-3DEA65851A67}
		{4C7003AF-32A3-42AE-8E38-3109F2625D2F} = {4C7003AF-32A3-42AE-8E38-3109F2625D2F}
		{EA48C1B7-7271-4485-98F3-F56C3A2E5937} = {EA48C1B7-7271-4485-98F3-F56C3A2E5937}
	EndProjectSection
EndProject
Project("{2150E333-8FDC-42A3-9474-1A3956D46DE8}") = "simulator", "simulator", "{785D2206-EBA8-4E2B-B612-AA39993F1057}"
EndProject
Project("{9A19103F-16F7-4668-BE54-9A1E7A4F7556}") = "Devices.Simulator", "devices\simulator\Devices.Simulator.csproj", "{07A5F18E-264F-4042-BB47-030D9C5C8F46}"
EndProject
Project("{2150E333-8FDC-42A3-9474-1A3956D46DE8}") = "common", "common", "{4DEE3013-F836-4AE1-8767-F1D81A003675}"
EndProject
Project("{2150E333-8FDC-42A3-9474-1A3956D46DE8}") = "helpers", "helpers", "{6FB393A3-0EB4-4CDB-83EE-180A4EED228C}"
EndProject
Project("{2150E333-8FDC-42A3-9474-1A3956D46DE8}") = "XO", "XO", "{CF39A026-F1A5-49CB-ACD3-8749694D5A4D}"
EndProject
Project("{9A19103F-16F7-4668-BE54-9A1E7A4F7556}") = "Common.Helpers", "common\helpers\Common.Helpers.csproj", "{331BB270-0B7E-4399-B539-A511A5EAA256}"
EndProject
Project("{9A19103F-16F7-4668-BE54-9A1E7A4F7556}") = "XO", "common\XO\XO.csproj", "{38AF6DAD-4678-4DA7-8D64-3DEA65851A67}"
EndProject
Global
	GlobalSection(SolutionConfigurationPlatforms) = preSolution
		Debug|Any CPU = Debug|Any CPU
		Release|Any CPU = Release|Any CPU
	EndGlobalSection
	GlobalSection(ProjectConfigurationPlatforms) = postSolution
		{E811B54A-92F7-4A8D-ABC2-F4910CC99414}.Debug|Any CPU.ActiveCfg = Debug|Any CPU
		{E811B54A-92F7-4A8D-ABC2-F4910CC99414}.Debug|Any CPU.Build.0 = Debug|Any CPU
		{E811B54A-92F7-4A8D-ABC2-F4910CC99414}.Release|Any CPU.ActiveCfg = Release|Any CPU
		{E811B54A-92F7-4A8D-ABC2-F4910CC99414}.Release|Any CPU.Build.0 = Release|Any CPU
		{E344D26D-62AC-4663-9861-B66E272ECBB0}.Debug|Any CPU.ActiveCfg = Debug|Any CPU
		{E344D26D-62AC-4663-9861-B66E272ECBB0}.Debug|Any CPU.Build.0 = Debug|Any CPU
		{E344D26D-62AC-4663-9861-B66E272ECBB0}.Release|Any CPU.ActiveCfg = Release|Any CPU
		{E344D26D-62AC-4663-9861-B66E272ECBB0}.Release|Any CPU.Build.0 = Release|Any CPU
		{EA48C1B7-7271-4485-98F3-F56C3A2E5937}.Debug|Any CPU.ActiveCfg = Debug|Any CPU
		{EA48C1B7-7271-4485-98F3-F56C3A2E5937}.Debug|Any CPU.Build.0 = Debug|Any CPU
		{EA48C1B7-7271-4485-98F3-F56C3A2E5937}.Release|Any CPU.ActiveCfg = Release|Any CPU
		{EA48C1B7-7271-4485-98F3-F56C3A2E5937}.Release|Any CPU.Build.0 = Release|Any CPU
		{4C7003AF-32A3-42AE-8E38-3109F2625D2F}.Debug|Any CPU.ActiveCfg = Debug|Any CPU
		{4C7003AF-32A3-42AE-8E38-3109F2625D2F}.Debug|Any CPU.Build.0 = Debug|Any CPU
		{4C7003AF-32A3-42AE-8E38-3109F2625D2F}.Release|Any CPU.ActiveCfg = Release|Any CPU
		{4C7003AF-32A3-42AE-8E38-3109F2625D2F}.Release|Any CPU.Build.0 = Release|Any CPU
		{EE4878B8-B256-4DC2-83D1-33229BDC0548}.Debug|Any CPU.ActiveCfg = Debug|Any CPU
		{EE4878B8-B256-4DC2-83D1-33229BDC0548}.Debug|Any CPU.Build.0 = Debug|Any CPU
		{EE4878B8-B256-4DC2-83D1-33229BDC0548}.Release|Any CPU.ActiveCfg = Release|Any CPU
		{EE4878B8-B256-4DC2-83D1-33229BDC0548}.Release|Any CPU.Build.0 = Release|Any CPU
		{19383F91-2889-426D-96AD-92283D2EFD53}.Debug|Any CPU.ActiveCfg = Debug|Any CPU
		{19383F91-2889-426D-96AD-92283D2EFD53}.Debug|Any CPU.Build.0 = Debug|Any CPU
		{19383F91-2889-426D-96AD-92283D2EFD53}.Release|Any CPU.ActiveCfg = Release|Any CPU
		{19383F91-2889-426D-96AD-92283D2EFD53}.Release|Any CPU.Build.0 = Release|Any CPU
		{056E8CF6-78FD-469D-84D9-023FD6C862C6}.Debug|Any CPU.ActiveCfg = Debug|Any CPU
		{056E8CF6-78FD-469D-84D9-023FD6C862C6}.Debug|Any CPU.Build.0 = Debug|Any CPU
		{056E8CF6-78FD-469D-84D9-023FD6C862C6}.Release|Any CPU.ActiveCfg = Release|Any CPU
		{056E8CF6-78FD-469D-84D9-023FD6C862C6}.Release|Any CPU.Build.0 = Release|Any CPU
		{07A5F18E-264F-4042-BB47-030D9C5C8F46}.Debug|Any CPU.ActiveCfg = Debug|Any CPU
		{07A5F18E-264F-4042-BB47-030D9C5C8F46}.Debug|Any CPU.Build.0 = Debug|Any CPU
		{07A5F18E-264F-4042-BB47-030D9C5C8F46}.Release|Any CPU.ActiveCfg = Release|Any CPU
		{07A5F18E-264F-4042-BB47-030D9C5C8F46}.Release|Any CPU.Build.0 = Release|Any CPU
		{331BB270-0B7E-4399-B539-A511A5EAA256}.Debug|Any CPU.ActiveCfg = Debug|Any CPU
		{331BB270-0B7E-4399-B539-A511A5EAA256}.Debug|Any CPU.Build.0 = Debug|Any CPU
		{331BB270-0B7E-4399-B539-A511A5EAA256}.Release|Any CPU.ActiveCfg = Release|Any CPU
		{331BB270-0B7E-4399-B539-A511A5EAA256}.Release|Any CPU.Build.0 = Release|Any CPU
		{38AF6DAD-4678-4DA7-8D64-3DEA65851A67}.Debug|Any CPU.ActiveCfg = Debug|Any CPU
		{38AF6DAD-4678-4DA7-8D64-3DEA65851A67}.Debug|Any CPU.Build.0 = Debug|Any CPU
		{38AF6DAD-4678-4DA7-8D64-3DEA65851A67}.Release|Any CPU.ActiveCfg = Release|Any CPU
		{38AF6DAD-4678-4DA7-8D64-3DEA65851A67}.Release|Any CPU.Build.0 = Release|Any CPU
	EndGlobalSection
	GlobalSection(SolutionProperties) = preSolution
		HideSolutionNode = FALSE
	EndGlobalSection
	GlobalSection(NestedProjects) = preSolution
		{A0B65040-E0CE-4FE3-A5C5-886F3EFFBF59} = {F09948EA-900F-4678-B550-DBF1B5A7B5AA}
		{554119E6-F75A-4E7A-83D9-4E9B9B884238} = {05C82D66-3914-4FA6-8D39-6097B7FD9923}
		{DB480D07-BDD2-4A87-AB35-271B4FECB6C9} = {554119E6-F75A-4E7A-83D9-4E9B9B884238}
		{E811B54A-92F7-4A8D-ABC2-F4910CC99414} = {DB480D07-BDD2-4A87-AB35-271B4FECB6C9}
		{7D7BA63B-34DA-440E-8C51-7CF0CDE7D811} = {A0B65040-E0CE-4FE3-A5C5-886F3EFFBF59}
		{D7F05CB6-202C-49CC-8993-6C90FCA6BE03} = {554119E6-F75A-4E7A-83D9-4E9B9B884238}
		{54F42902-E398-4033-9556-3043999E4023} = {554119E6-F75A-4E7A-83D9-4E9B9B884238}
		{E344D26D-62AC-4663-9861-B66E272ECBB0} = {D7F05CB6-202C-49CC-8993-6C90FCA6BE03}
		{EA48C1B7-7271-4485-98F3-F56C3A2E5937} = {54F42902-E398-4033-9556-3043999E4023}
		{4C7003AF-32A3-42AE-8E38-3109F2625D2F} = {7D7BA63B-34DA-440E-8C51-7CF0CDE7D811}
		{64593764-AD0E-48F8-ACF7-787A4ED12C78} = {A0B65040-E0CE-4FE3-A5C5-886F3EFFBF59}
		{EE4878B8-B256-4DC2-83D1-33229BDC0548} = {64593764-AD0E-48F8-ACF7-787A4ED12C78}
		{8170E698-58BD-4C88-91BF-38A3C3C2D8D6} = {A0B65040-E0CE-4FE3-A5C5-886F3EFFBF59}
		{19383F91-2889-426D-96AD-92283D2EFD53} = {8170E698-58BD-4C88-91BF-38A3C3C2D8D6}
		{545A396C-7761-428F-A1D1-671E49964BAE} = {554119E6-F75A-4E7A-83D9-4E9B9B884238}
		{056E8CF6-78FD-469D-84D9-023FD6C862C6} = {545A396C-7761-428F-A1D1-671E49964BAE}
		{785D2206-EBA8-4E2B-B612-AA39993F1057} = {554119E6-F75A-4E7A-83D9-4E9B9B884238}
		{07A5F18E-264F-4042-BB47-030D9C5C8F46} = {785D2206-EBA8-4E2B-B612-AA39993F1057}
		{4DEE3013-F836-4AE1-8767-F1D81A003675} = {05C82D66-3914-4FA6-8D39-6097B7FD9923}
		{6FB393A3-0EB4-4CDB-83EE-180A4EED228C} = {4DEE3013-F836-4AE1-8767-F1D81A003675}
		{CF39A026-F1A5-49CB-ACD3-8749694D5A4D} = {4DEE3013-F836-4AE1-8767-F1D81A003675}
		{331BB270-0B7E-4399-B539-A511A5EAA256} = {6FB393A3-0EB4-4CDB-83EE-180A4EED228C}
		{38AF6DAD-4678-4DA7-8D64-3DEA65851A67} = {CF39A026-F1A5-49CB-ACD3-8749694D5A4D}
	EndGlobalSection
	GlobalSection(ExtensibilityGlobals) = postSolution
		SolutionGuid = {4B3036E7-2C51-4A08-AC1A-F1467A551C31}
	EndGlobalSection
EndGlobal
